
Microsoft Visual Studio Solution File, Format Version 12.00
Project("{FAE04EC0-301F-11D3-BF4B-00C04F79EFBC}") = "EmoteDBParser", "EmoteDBParser\EmoteDBParser.csproj", "{C554C18C-F131-4958-9165-1B89C58149C2}"
EndProject
Project("{FAE04EC0-301F-11D3-BF4B-00C04F79EFBC}") = "EmoteDBParser.App", "EmoteDBParser.App\EmoteDBParser.App.csproj", "{2EC995AC-AD22-4783-989A-E20F57946595}"
EndProject
Global
	GlobalSection(SolutionConfigurationPlatforms) = preSolution
		Debug|Any CPU = Debug|Any CPU
		Release|Any CPU = Release|Any CPU
	EndGlobalSection
	GlobalSection(ProjectConfigurationPlatforms) = postSolution
		{C554C18C-F131-4958-9165-1B89C58149C2}.Debug|Any CPU.ActiveCfg = Debug|Any CPU
		{C554C18C-F131-4958-9165-1B89C58149C2}.Debug|Any CPU.Build.0 = Debug|Any CPU
		{C554C18C-F131-4958-9165-1B89C58149C2}.Release|Any CPU.ActiveCfg = Release|Any CPU
		{C554C18C-F131-4958-9165-1B89C58149C2}.Release|Any CPU.Build.0 = Release|Any CPU
		{2EC995AC-AD22-4783-989A-E20F57946595}.Debug|Any CPU.ActiveCfg = Debug|Any CPU
		{2EC995AC-AD22-4783-989A-E20F57946595}.Debug|Any CPU.Build.0 = Debug|Any CPU
		{2EC995AC-AD22-4783-989A-E20F57946595}.Release|Any CPU.ActiveCfg = Release|Any CPU
		{2EC995AC-AD22-4783-989A-E20F57946595}.Release|Any CPU.Build.0 = Release|Any CPU
	EndGlobalSection
EndGlobal
